
Microsoft Visual Studio Solution File, Format Version 12.00
# Visual Studio Version 17
VisualStudioVersion = 17.14.36603.0
MinimumVisualStudioVersion = 10.0.40219.1
Project("{FAE04EC0-301F-11D3-BF4B-00C04F79EFBC}") = "PollingApp", "PollingApp\PollingApp.csproj", "{BD398B7A-2D93-4B96-8AC7-76955848D375}"
EndProject
Project("{FAE04EC0-301F-11D3-BF4B-00C04F79EFBC}") = "PollingApp.Tests", "PollingApp.Tests\PollingApp.Tests.csproj", "{46C8DC48-5C91-4149-8953-7B6761049FF1}"
EndProject
Global
	GlobalSection(SolutionConfigurationPlatforms) = preSolution
		Debug|Any CPU = Debug|Any CPU
		Release|Any CPU = Release|Any CPU
	EndGlobalSection
	GlobalSection(ProjectConfigurationPlatforms) = postSolution
		{BD398B7A-2D93-4B96-8AC7-76955848D375}.Debug|Any CPU.ActiveCfg = Debug|Any CPU
		{BD398B7A-2D93-4B96-8AC7-76955848D375}.Debug|Any CPU.Build.0 = Debug|Any CPU
		{BD398B7A-2D93-4B96-8AC7-76955848D375}.Release|Any CPU.ActiveCfg = Release|Any CPU
		{BD398B7A-2D93-4B96-8AC7-76955848D375}.Release|Any CPU.Build.0 = Release|Any CPU
		{46C8DC48-5C91-4149-8953-7B6761049FF1}.Debug|Any CPU.ActiveCfg = Debug|Any CPU
		{46C8DC48-5C91-4149-8953-7B6761049FF1}.Debug|Any CPU.Build.0 = Debug|Any CPU
		{46C8DC48-5C91-4149-8953-7B6761049FF1}.Release|Any CPU.ActiveCfg = Release|Any CPU
		{46C8DC48-5C91-4149-8953-7B6761049FF1}.Release|Any CPU.Build.0 = Release|Any CPU
	EndGlobalSection
	GlobalSection(SolutionProperties) = preSolution
		HideSolutionNode = FALSE
	EndGlobalSection
	GlobalSection(ExtensibilityGlobals) = postSolution
		SolutionGuid = {08A465F2-3A9F-49D9-9CEA-D1CE6D4F77C7}
	EndGlobalSection
EndGlobal
